{
    "_readme": [
        "This file locks the dependencies of your project to a known state",
        "Read more about it at https://getcomposer.org/doc/01-basic-usage.md#composer-lock-the-lock-file",
        "This file is @generated automatically"
    ],
    "hash": "260c88cddd1b70b7c9e4115888aa0387",
    "content-hash": "b89d42d37548a16332ff8c873fd542f6",
    "packages": [
        {
            "name": "docusign/esign-client",
            "version": "2.0.0",
            "source": {
                "type": "git",
                "url": "https://github.com/docusign/docusign-php-client.git",
                "reference": "9967d9b65e814a7e8e6e530f55d3c5386d648260"
            },
            "dist": {
                "type": "zip",
                "url": "https://api.github.com/repos/docusign/docusign-php-client/zipball/9967d9b65e814a7e8e6e530f55d3c5386d648260",
                "reference": "9967d9b65e814a7e8e6e530f55d3c5386d648260",
                "shasum": ""
            },
            "require": {
                "ext-curl": "*",
                "ext-json": "*",
                "ext-mbstring": "*",
                "php": ">=5.3.3"
            },
            "require-dev": {
                "phpunit/phpunit": "~4.0",
                "satooshi/php-coveralls": "~0.6.1",
                "squizlabs/php_codesniffer": "~2.0"
            },
            "type": "library",
            "autoload": {
                "psr-4": {
                    "DocuSign\\eSign\\": "src/"
                }
            },
            "notification-url": "https://packagist.org/downloads/",
            "license": [
                "MIT"
            ],
            "authors": [
                {
                    "name": "DocuSign",
                    "homepage": "https://www.docusign.com/developer-center"
                }
            ],
            "description": "The DocuSign PHP library makes integrating DocuSign into your websites a super fast and painless process. The library is open sourced on GitHub, look for the docusign-php-client repository. Join the eSign revolution!",
            "homepage": "https://www.docusign.com/developer-center",
            "keywords": [
                "api",
                "php",
                "sdk",
                "swagger"
            ],
            "time": "2016-02-19 21:58:23"
        }
    ],
    "packages-dev": [],
    "aliases": [],
    "minimum-stability": "dev",
    "stability-flags": [],
    "prefer-stable": false,
    "prefer-lowest": false,
    "platform": {
        "php": ">=5.5.9"
    },
    "platform-dev": []
}
